
Microsoft Visual Studio Solution File, Format Version 12.00
# Visual Studio Version 16
VisualStudioVersion = 16.0.29306.81
MinimumVisualStudioVersion = 10.0.40219.1
Project("{9A19103F-16F7-4668-BE54-9A1E7A4F7556}") = "CompanyASP", "Company\CompanyASP.csproj", "{8E54BC03-B754-4739-97DB-C1F251AF8045}"
EndProject
Project("{FAE04EC0-301F-11D3-BF4B-00C04F79EFBC}") = "Diagramm", "Diagramm\Diagramm.csproj", "{84C5488C-DEB1-41DD-90BA-E7FC8C3A5C7F}"
EndProject
Global
	GlobalSection(SolutionConfigurationPlatforms) = preSolution
		Debug|Any CPU = Debug|Any CPU
		Release|Any CPU = Release|Any CPU
	EndGlobalSection
	GlobalSection(ProjectConfigurationPlatforms) = postSolution
		{8E54BC03-B754-4739-97DB-C1F251AF8045}.Debug|Any CPU.ActiveCfg = Debug|Any CPU
		{8E54BC03-B754-4739-97DB-C1F251AF8045}.Debug|Any CPU.Build.0 = Debug|Any CPU
		{8E54BC03-B754-4739-97DB-C1F251AF8045}.Release|Any CPU.ActiveCfg = Release|Any CPU
		{8E54BC03-B754-4739-97DB-C1F251AF8045}.Release|Any CPU.Build.0 = Release|Any CPU
		{84C5488C-DEB1-41DD-90BA-E7FC8C3A5C7F}.Debug|Any CPU.ActiveCfg = Debug|Any CPU
		{84C5488C-DEB1-41DD-90BA-E7FC8C3A5C7F}.Debug|Any CPU.Build.0 = Debug|Any CPU
		{84C5488C-DEB1-41DD-90BA-E7FC8C3A5C7F}.Release|Any CPU.ActiveCfg = Release|Any CPU
		{84C5488C-DEB1-41DD-90BA-E7FC8C3A5C7F}.Release|Any CPU.Build.0 = Release|Any CPU
	EndGlobalSection
	GlobalSection(SolutionProperties) = preSolution
		HideSolutionNode = FALSE
	EndGlobalSection
	GlobalSection(ExtensibilityGlobals) = postSolution
		SolutionGuid = {B02A684F-25E0-4780-9318-73F5108939E5}
	EndGlobalSection
EndGlobal
